
Microsoft Visual Studio Solution File, Format Version 12.00
# Visual Studio Version 17
VisualStudioVersion = 17.14.36811.4 d17.14
MinimumVisualStudioVersion = 10.0.40219.1
Project("{FAE04EC0-301F-11D3-BF4B-00C04F79EFBC}") = "EmployeeManagement.API", "EmployeeManagement.API\EmployeeManagement.API.csproj", "{0F4D4B31-15DB-4390-B194-BAA103FC14E5}"
EndProject
Project("{FAE04EC0-301F-11D3-BF4B-00C04F79EFBC}") = "EmployeeManagement.Application", "EmployeeManagement.Application\EmployeeManagement.Application.csproj", "{22078100-ED72-41C6-8560-9B785C7BF86D}"
EndProject
Project("{FAE04EC0-301F-11D3-BF4B-00C04F79EFBC}") = "EmployeeManagement.Domain", "EmployeeManagement.Domain\EmployeeManagement.Domain.csproj", "{5890D579-8EE0-4B0A-B4D5-529D0F1D6152}"
EndProject
Project("{FAE04EC0-301F-11D3-BF4B-00C04F79EFBC}") = "EmployeeManagement.Infrastructure", "EmployeeManagement.Infrastructure\EmployeeManagement.Infrastructure.csproj", "{A7A0E4E4-C213-4C28-8176-7A4FF1C8DD20}"
EndProject
Project("{FAE04EC0-301F-11D3-BF4B-00C04F79EFBC}") = "EmployeeManagement.Tests", "EmployeeManagement.Tests\EmployeeManagement.Tests.csproj", "{57355257-78F3-4B23-A2B2-687A0066DE18}"
EndProject
Global
	GlobalSection(SolutionConfigurationPlatforms) = preSolution
		Debug|Any CPU = Debug|Any CPU
		Release|Any CPU = Release|Any CPU
	EndGlobalSection
	GlobalSection(ProjectConfigurationPlatforms) = postSolution
		{0F4D4B31-15DB-4390-B194-BAA103FC14E5}.Debug|Any CPU.ActiveCfg = Debug|Any CPU
		{0F4D4B31-15DB-4390-B194-BAA103FC14E5}.Debug|Any CPU.Build.0 = Debug|Any CPU
		{0F4D4B31-15DB-4390-B194-BAA103FC14E5}.Release|Any CPU.ActiveCfg = Release|Any CPU
		{0F4D4B31-15DB-4390-B194-BAA103FC14E5}.Release|Any CPU.Build.0 = Release|Any CPU
		{22078100-ED72-41C6-8560-9B785C7BF86D}.Debug|Any CPU.ActiveCfg = Debug|Any CPU
		{22078100-ED72-41C6-8560-9B785C7BF86D}.Debug|Any CPU.Build.0 = Debug|Any CPU
		{22078100-ED72-41C6-8560-9B785C7BF86D}.Release|Any CPU.ActiveCfg = Release|Any CPU
		{22078100-ED72-41C6-8560-9B785C7BF86D}.Release|Any CPU.Build.0 = Release|Any CPU
		{5890D579-8EE0-4B0A-B4D5-529D0F1D6152}.Debug|Any CPU.ActiveCfg = Debug|Any CPU
		{5890D579-8EE0-4B0A-B4D5-529D0F1D6152}.Debug|Any CPU.Build.0 = Debug|Any CPU
		{5890D579-8EE0-4B0A-B4D5-529D0F1D6152}.Release|Any CPU.ActiveCfg = Release|Any CPU
		{5890D579-8EE0-4B0A-B4D5-529D0F1D6152}.Release|Any CPU.Build.0 = Release|Any CPU
		{A7A0E4E4-C213-4C28-8176-7A4FF1C8DD20}.Debug|Any CPU.ActiveCfg = Debug|Any CPU
		{A7A0E4E4-C213-4C28-8176-7A4FF1C8DD20}.Debug|Any CPU.Build.0 = Debug|Any CPU
		{A7A0E4E4-C213-4C28-8176-7A4FF1C8DD20}.Release|Any CPU.ActiveCfg = Release|Any CPU
		{A7A0E4E4-C213-4C28-8176-7A4FF1C8DD20}.Release|Any CPU.Build.0 = Release|Any CPU
		{57355257-78F3-4B23-A2B2-687A0066DE18}.Debug|Any CPU.ActiveCfg = Debug|Any CPU
		{57355257-78F3-4B23-A2B2-687A0066DE18}.Debug|Any CPU.Build.0 = Debug|Any CPU
		{57355257-78F3-4B23-A2B2-687A0066DE18}.Release|Any CPU.ActiveCfg = Release|Any CPU
		{57355257-78F3-4B23-A2B2-687A0066DE18}.Release|Any CPU.Build.0 = Release|Any CPU
	EndGlobalSection
	GlobalSection(SolutionProperties) = preSolution
		HideSolutionNode = FALSE
	EndGlobalSection
	GlobalSection(ExtensibilityGlobals) = postSolution
		SolutionGuid = {6EC084A1-906A-4131-8326-7128F18690D4}
	EndGlobalSection
EndGlobal
